
Microsoft Visual Studio Solution File, Format Version 12.00
# Visual Studio 15
VisualStudioVersion = 15.0.28307.106
MinimumVisualStudioVersion = 10.0.40219.1
Project("{FAE04EC0-301F-11D3-BF4B-00C04F79EFBC}") = "GildedRose", "GildedRose\GildedRose.csproj", "{B9D9CA77-C9B0-4D4B-91F2-15FD0D7D6FA0}"
EndProject
Project("{FAE04EC0-301F-11D3-BF4B-00C04F79EFBC}") = "GildedRoseTest", "GildedRoseTest\GildedRoseTest.csproj", "{9D0DBA8E-FF90-442A-A910-689E51B24392}"
EndProject
Global
	GlobalSection(SolutionConfigurationPlatforms) = preSolution
		Debug|Any CPU = Debug|Any CPU
		Release|Any CPU = Release|Any CPU
	EndGlobalSection
	GlobalSection(ProjectConfigurationPlatforms) = postSolution
		{B9D9CA77-C9B0-4D4B-91F2-15FD0D7D6FA0}.Debug|Any CPU.ActiveCfg = Debug|Any CPU
		{B9D9CA77-C9B0-4D4B-91F2-15FD0D7D6FA0}.Debug|Any CPU.Build.0 = Debug|Any CPU
		{B9D9CA77-C9B0-4D4B-91F2-15FD0D7D6FA0}.Release|Any CPU.ActiveCfg = Release|Any CPU
		{B9D9CA77-C9B0-4D4B-91F2-15FD0D7D6FA0}.Release|Any CPU.Build.0 = Release|Any CPU
		{9D0DBA8E-FF90-442A-A910-689E51B24392}.Debug|Any CPU.ActiveCfg = Debug|Any CPU
		{9D0DBA8E-FF90-442A-A910-689E51B24392}.Debug|Any CPU.Build.0 = Debug|Any CPU
		{9D0DBA8E-FF90-442A-A910-689E51B24392}.Release|Any CPU.ActiveCfg = Release|Any CPU
		{9D0DBA8E-FF90-442A-A910-689E51B24392}.Release|Any CPU.Build.0 = Release|Any CPU
	EndGlobalSection
	GlobalSection(SolutionProperties) = preSolution
		HideSolutionNode = FALSE
	EndGlobalSection
	GlobalSection(ExtensibilityGlobals) = postSolution
		SolutionGuid = {D83BF439-184A-4213-B92F-03465B963FB7}
	EndGlobalSection
EndGlobal
